
Microsoft Visual Studio Solution File, Format Version 12.00
# Visual Studio 14
VisualStudioVersion = 14.0.25420.1
MinimumVisualStudioVersion = 10.0.40219.1
Project("{FAE04EC0-301F-11D3-BF4B-00C04F79EFBC}") = "CS3750P1", "CS3750P1\CS3750P1.csproj", "{3BA9B18A-EEC8-4C50-974A-1DFDDF5CB831}"
EndProject
Project("{FAE04EC0-301F-11D3-BF4B-00C04F79EFBC}") = "ToDoDatabaseModels", "ToDoDatabaseModels\ToDoDatabaseModels.csproj", "{E3BF5779-9EDD-4CFC-8A77-B63871511C5E}"
EndProject
Project("{FAE04EC0-301F-11D3-BF4B-00C04F79EFBC}") = "ToDoModelConnections", "ToDoModelConnections\ToDoModelConnections.csproj", "{899D766C-F6C0-45D2-9E42-255C7DD0377A}"
EndProject
Global
	GlobalSection(SolutionConfigurationPlatforms) = preSolution
		Debug|Any CPU = Debug|Any CPU
		Release|Any CPU = Release|Any CPU
	EndGlobalSection
	GlobalSection(ProjectConfigurationPlatforms) = postSolution
		{3BA9B18A-EEC8-4C50-974A-1DFDDF5CB831}.Debug|Any CPU.ActiveCfg = Debug|Any CPU
		{3BA9B18A-EEC8-4C50-974A-1DFDDF5CB831}.Debug|Any CPU.Build.0 = Debug|Any CPU
		{3BA9B18A-EEC8-4C50-974A-1DFDDF5CB831}.Release|Any CPU.ActiveCfg = Release|Any CPU
		{3BA9B18A-EEC8-4C50-974A-1DFDDF5CB831}.Release|Any CPU.Build.0 = Release|Any CPU
		{E3BF5779-9EDD-4CFC-8A77-B63871511C5E}.Debug|Any CPU.ActiveCfg = Debug|Any CPU
		{E3BF5779-9EDD-4CFC-8A77-B63871511C5E}.Debug|Any CPU.Build.0 = Debug|Any CPU
		{E3BF5779-9EDD-4CFC-8A77-B63871511C5E}.Release|Any CPU.ActiveCfg = Release|Any CPU
		{E3BF5779-9EDD-4CFC-8A77-B63871511C5E}.Release|Any CPU.Build.0 = Release|Any CPU
		{899D766C-F6C0-45D2-9E42-255C7DD0377A}.Debug|Any CPU.ActiveCfg = Debug|Any CPU
		{899D766C-F6C0-45D2-9E42-255C7DD0377A}.Debug|Any CPU.Build.0 = Debug|Any CPU
		{899D766C-F6C0-45D2-9E42-255C7DD0377A}.Release|Any CPU.ActiveCfg = Release|Any CPU
		{899D766C-F6C0-45D2-9E42-255C7DD0377A}.Release|Any CPU.Build.0 = Release|Any CPU
	EndGlobalSection
	GlobalSection(SolutionProperties) = preSolution
		HideSolutionNode = FALSE
	EndGlobalSection
EndGlobal
